
Microsoft Visual Studio Solution File, Format Version 11.00
# Visual Studio 2010
Project("{FAE04EC0-301F-11D3-BF4B-00C04F79EFBC}") = "SaiGonDentalManagement", "SaiGonDentalManagement\SaiGonDentalManagement.csproj", "{2B66DA29-7E17-4E06-A428-5C77BCA98D55}"
EndProject
Global
	GlobalSection(SolutionConfigurationPlatforms) = preSolution
		Debug|x86 = Debug|x86
		Release|x86 = Release|x86
	EndGlobalSection
	GlobalSection(ProjectConfigurationPlatforms) = postSolution
		{2B66DA29-7E17-4E06-A428-5C77BCA98D55}.Debug|x86.ActiveCfg = Debug|x86
		{2B66DA29-7E17-4E06-A428-5C77BCA98D55}.Debug|x86.Build.0 = Debug|x86
		{2B66DA29-7E17-4E06-A428-5C77BCA98D55}.Release|x86.ActiveCfg = Release|x86
		{2B66DA29-7E17-4E06-A428-5C77BCA98D55}.Release|x86.Build.0 = Release|x86
	EndGlobalSection
	GlobalSection(SolutionProperties) = preSolution
		HideSolutionNode = FALSE
	EndGlobalSection
EndGlobal
